{
  "name": "flappy-bird-pixijs",
  "version": "1.0.0",
  "lockfileVersion": 1,
  "requires": true,
  "dependencies": {
    "@types/pixi.js": {
      "version": "4.5.3",
      "resolved": "https://registry.npmjs.org/@types/pixi.js/-/pixi.js-4.5.3.tgz",
      "integrity": "sha512-SovOhfzfLBgKuk3GDnTUqP6XN+q4F1i8YNxF+BmqYLtkAPlaasNnGojN1YQWagcGxVDCD1OB8Z97VNpBorn5oA=="
    }
  }
}
